// !$*UTF8*$!
{
	archiveVersion = 1;
	classes = {
	};
	objectVersion = 48;
	objects = {

/* Begin PBXBuildFile section */
		083992DA0C99F7FC92B2C5C0 /* Pods_RNIntegrationDemo.framework in Frameworks */ = {isa = PBXBuildFile; fileRef = B7B729E19C944550FD270CA4 /* Pods_RNIntegrationDemo.framework */; };
		237AA9BE20106740000E037F /* AppDelegate.m in Sources */ = {isa = PBXBuildFile; fileRef = 237AA9BD20106740000E037F /* AppDelegate.m */; };
		237AA9C120106740000E037F /* ViewController.m in Sources */ = {isa = PBXBuildFile; fileRef = 237AA9C020106740000E037F /* ViewController.m */; };
		237AA9C420106740000E037F /* Main.storyboard in Resources */ = {isa = PBXBuildFile; fileRef = 237AA9C220106740000E037F /* Main.storyboard */; };
		237AA9C620106740000E037F /* Assets.xcassets in Resources */ = {isa = PBXBuildFile; fileRef = 237AA9C520106740000E037F /* Assets.xcassets */; };
		237AA9C920106740000E037F /* LaunchScreen.storyboard in Resources */ = {isa = PBXBuildFile; fileRef = 237AA9C720106740000E037F /* LaunchScreen.storyboard */; };
		237AA9CC20106740000E037F /* main.mm in Sources */ = {isa = PBXBuildFile; fileRef = 237AA9CB20106740000E037F /* main.mm */; };
		237AA9D620106740000E037F /* RNIntegrationDemoTests.m in Sources */ = {isa = PBXBuildFile; fileRef = 237AA9D520106740000E037F /* RNIntegrationDemoTests.m */; };
		237AA9E220106832000E037F /* SwiftTestViewController.swift in Sources */ = {isa = PBXBuildFile; fileRef = 237AA9E120106832000E037F /* SwiftTestViewController.swift */; };
		CF789C7933879847367BDB25 /* Pods_RNIntegrationDemoTests.framework in Frameworks */ = {isa = PBXBuildFile; fileRef = 568F60EEC5463F1FC36112D8 /* Pods_RNIntegrationDemoTests.framework */; };
/* End PBXBuildFile section */

/* Begin PBXContainerItemProxy section */
		237AA9D220106740000E037F /* PBXContainerItemProxy */ = {
			isa = PBXContainerItemProxy;
			containerPortal = 237AA9B120106740000E037F /* Project object */;
			proxyType = 1;
			remoteGlobalIDString = 237AA9B820106740000E037F;
			remoteInfo = RNIntegrationDemo;
		};
/* End PBXContainerItemProxy section */

/* Begin PBXFileReference section */
		237AA9B920106740000E037F /* RNIntegrationDemo.app */ = {isa = PBXFileReference; explicitFileType = wrapper.application; includeInIndex = 0; path = RNIntegrationDemo.app; sourceTree = BUILT_PRODUCTS_DIR; };
		237AA9BC20106740000E037F /* AppDelegate.h */ = {isa = PBXFileReference; lastKnownFileType = sourcecode.c.h; path = AppDelegate.h; sourceTree = "<group>"; };
		237AA9BD20106740000E037F /* AppDelegate.m */ = {isa = PBXFileReference; lastKnownFileType = sourcecode.c.objc; path = AppDelegate.m; sourceTree = "<group>"; };
		237AA9BF20106740000E037F /* ViewController.h */ = {isa = PBXFileReference; lastKnownFileType = sourcecode.c.h; path = ViewController.h; sourceTree = "<group>"; };
		237AA9C020106740000E037F /* ViewController.m */ = {isa = PBXFileReference; lastKnownFileType = sourcecode.c.objc; path = ViewController.m; sourceTree = "<group>"; };
		237AA9C320106740000E037F /* Base */ = {isa = PBXFileReference; lastKnownFileType = file.storyboard; name = Base; path = Base.lproj/Main.storyboard; sourceTree = "<group>"; };
		237AA9C520106740000E037F /* Assets.xcassets */ = {isa = PBXFileReference; lastKnownFileType = folder.assetcatalog; path = Assets.xcassets; sourceTree = "<group>"; };
		237AA9C820106740000E037F /* Base */ = {isa = PBXFileReference; lastKnownFileType = file.storyboard; name = Base; path = Base.lproj/LaunchScreen.storyboard; sourceTree = "<group>"; };
		237AA9CA20106740000E037F /* Info.plist */ = {isa = PBXFileReference; lastKnownFileType = text.plist.xml; path = Info.plist; sourceTree = "<group>"; };
		237AA9CB20106740000E037F /* main.mm */ = {isa = PBXFileReference; lastKnownFileType = sourcecode.cpp.objcpp; path = main.mm; sourceTree = "<group>"; };
		237AA9D120106740000E037F /* RNIntegrationDemoTests.xctest */ = {isa = PBXFileReference; explicitFileType = wrapper.cfbundle; includeInIndex = 0; path = RNIntegrationDemoTests.xctest; sourceTree = BUILT_PRODUCTS_DIR; };
		237AA9D520106740000E037F /* RNIntegrationDemoTests.m */ = {isa = PBXFileReference; lastKnownFileType = sourcecode.c.objc; path = RNIntegrationDemoTests.m; sourceTree = "<group>"; };
		237AA9D720106740000E037F /* Info.plist */ = {isa = PBXFileReference; lastKnownFileType = text.plist.xml; path = Info.plist; sourceTree = "<group>"; };
		237AA9E020106832000E037F /* RNIntegrationDemo-Bridging-Header.h */ = {isa = PBXFileReference; lastKnownFileType = sourcecode.c.h; path = "RNIntegrationDemo-Bridging-Header.h"; sourceTree = "<group>"; };
		237AA9E120106832000E037F /* SwiftTestViewController.swift */ = {isa = PBXFileReference; lastKnownFileType = sourcecode.swift; path = SwiftTestViewController.swift; sourceTree = "<group>"; };
		568F60EEC5463F1FC36112D8 /* Pods_RNIntegrationDemoTests.framework */ = {isa = PBXFileReference; explicitFileType = wrapper.framework; includeInIndex = 0; path = Pods_RNIntegrationDemoTests.framework; sourceTree = BUILT_PRODUCTS_DIR; };
		68B2D9493F69172D320F2D24 /* Pods-RNIntegrationDemoTests.debug.xcconfig */ = {isa = PBXFileReference; includeInIndex = 1; lastKnownFileType = text.xcconfig; name = "Pods-RNIntegrationDemoTests.debug.xcconfig"; path = "Pods/Target Support Files/Pods-RNIntegrationDemoTests/Pods-RNIntegrationDemoTests.debug.xcconfig"; sourceTree = "<group>"; };
		82A5A3D092F9C8144EFE6FDB /* Pods-RNIntegrationDemo.debug.xcconfig */ = {isa = PBXFileReference; includeInIndex = 1; lastKnownFileType = text.xcconfig; name = "Pods-RNIntegrationDemo.debug.xcconfig"; path = "Pods/Target Support Files/Pods-RNIntegrationDemo/Pods-RNIntegrationDemo.debug.xcconfig"; sourceTree = "<group>"; };
		B7B729E19C944550FD270CA4 /* Pods_RNIntegrationDemo.framework */ = {isa = PBXFileReference; explicitFileType = wrapper.framework; includeInIndex = 0; path = Pods_RNIntegrationDemo.framework; sourceTree = BUILT_PRODUCTS_DIR; };
		B8443B36F43F7DBF42538D33 /* Pods-RNIntegrationDemo.release.xcconfig */ = {isa = PBXFileReference; includeInIndex = 1; lastKnownFileType = text.xcconfig; name = "Pods-RNIntegrationDemo.release.xcconfig"; path = "Pods/Target Support Files/Pods-RNIntegrationDemo/Pods-RNIntegrationDemo.release.xcconfig"; sourceTree = "<group>"; };
		C71ED58E723420A6B42E537A /* Pods-RNIntegrationDemoTests.release.xcconfig */ = {isa = PBXFileReference; includeInIndex = 1; lastKnownFileType = text.xcconfig; name = "Pods-RNIntegrationDemoTests.release.xcconfig"; path = "Pods/Target Support Files/Pods-RNIntegrationDemoTests/Pods-RNIntegrationDemoTests.release.xcconfig"; sourceTree = "<group>"; };
/* End PBXFileReference section */

/* Begin PBXFrameworksBuildPhase section */
		237AA9B620106740000E037F /* Frameworks */ = {
			isa = PBXFrameworksBuildPhase;
			buildActionMask = 2147483647;
			files = (
				083992DA0C99F7FC92B2C5C0 /* Pods_RNIntegrationDemo.framework in Frameworks */,
			);
			runOnlyForDeploymentPostprocessing = 0;
		};
		237AA9CE20106740000E037F /* Frameworks */ = {
			isa = PBXFrameworksBuildPhase;
			buildActionMask = 2147483647;
			files = (
				CF789C7933879847367BDB25 /* Pods_RNIntegrationDemoTests.framework in Frameworks */,
			);
			runOnlyForDeploymentPostprocessing = 0;
		};
/* End PBXFrameworksBuildPhase section */

/* Begin PBXGroup section */
		0AD79E730553F9FE724D338D /* Pods */ = {
			isa = PBXGroup;
			children = (
				82A5A3D092F9C8144EFE6FDB /* Pods-RNIntegrationDemo.debug.xcconfig */,
				B8443B36F43F7DBF42538D33 /* Pods-RNIntegrationDemo.release.xcconfig */,
				68B2D9493F69172D320F2D24 /* Pods-RNIntegrationDemoTests.debug.xcconfig */,
				C71ED58E723420A6B42E537A /* Pods-RNIntegrationDemoTests.release.xcconfig */,
			);
			name = Pods;
			sourceTree = "<group>";
		};
		237AA9B020106740000E037F = {
			isa = PBXGroup;
			children = (
				237AA9BB20106740000E037F /* RNIntegrationDemo */,
				237AA9D420106740000E037F /* RNIntegrationDemoTests */,
				237AA9BA20106740000E037F /* Products */,
				0AD79E730553F9FE724D338D /* Pods */,
				9F03A413031F90D1EF1C9A79 /* Frameworks */,
			);
			sourceTree = "<group>";
		};
		237AA9BA20106740000E037F /* Products */ = {
			isa = PBXGroup;
			children = (
				237AA9B920106740000E037F /* RNIntegrationDemo.app */,
				237AA9D120106740000E037F /* RNIntegrationDemoTests.xctest */,
			);
			name = Products;
			sourceTree = "<group>";
		};
		237AA9BB20106740000E037F /* RNIntegrationDemo */ = {
			isa = PBXGroup;
			children = (
				237AA9BC20106740000E037F /* AppDelegate.h */,
				237AA9BD20106740000E037F /* AppDelegate.m */,
				237AA9BF20106740000E037F /* ViewController.h */,
				237AA9C020106740000E037F /* ViewController.m */,
				237AA9E120106832000E037F /* SwiftTestViewController.swift */,
				237AA9C220106740000E037F /* Main.storyboard */,
				237AA9C520106740000E037F /* Assets.xcassets */,
				237AA9C720106740000E037F /* LaunchScreen.storyboard */,
				237AA9CA20106740000E037F /* Info.plist */,
				237AA9CB20106740000E037F /* main.mm */,
				237AA9E020106832000E037F /* RNIntegrationDemo-Bridging-Header.h */,
			);
			path = RNIntegrationDemo;
			sourceTree = "<group>";
		};
		237AA9D420106740000E037F /* RNIntegrationDemoTests */ = {
			isa = PBXGroup;
			children = (
				237AA9D520106740000E037F /* RNIntegrationDemoTests.m */,
				237AA9D720106740000E037F /* Info.plist */,
			);
			path = RNIntegrationDemoTests;
			sourceTree = "<group>";
		};
		9F03A413031F90D1EF1C9A79 /* Frameworks */ = {
			isa = PBXGroup;
			children = (
				B7B729E19C944550FD270CA4 /* Pods_RNIntegrationDemo.framework */,
				568F60EEC5463F1FC36112D8 /* Pods_RNIntegrationDemoTests.framework */,
			);
			name = Frameworks;
			sourceTree = "<group>";
		};
/* End PBXGroup section */

/* Begin PBXNativeTarget section */
		237AA9B820106740000E037F /* RNIntegrationDemo */ = {
			isa = PBXNativeTarget;
			buildConfigurationList = 237AA9DA20106740000E037F /* Build configuration list for PBXNativeTarget "RNIntegrationDemo" */;
			buildPhases = (
				30D05130C18EE34AE3E323EB /* [CP] Check Pods Manifest.lock */,
				237AA9B520106740000E037F /* Sources */,
				237AA9B620106740000E037F /* Frameworks */,
				237AA9B720106740000E037F /* Resources */,
				DC8CB1D541162EFACDE24D20 /* [CP] Embed Pods Frameworks */,
				ADFD602675D97AD9FF1CB8A6 /* [CP] Copy Pods Resources */,
			);
			buildRules = (
			);
			dependencies = (
			);
			name = RNIntegrationDemo;
			productName = RNIntegrationDemo;
			productReference = 237AA9B920106740000E037F /* RNIntegrationDemo.app */;
			productType = "com.apple.product-type.application";
		};
		237AA9D020106740000E037F /* RNIntegrationDemoTests */ = {
			isa = PBXNativeTarget;
			buildConfigurationList = 237AA9DD20106740000E037F /* Build configuration list for PBXNativeTarget "RNIntegrationDemoTests" */;
			buildPhases = (
				5CBC2A0FE8F7646D213440B1 /* [CP] Check Pods Manifest.lock */,
				237AA9CD20106740000E037F /* Sources */,
				237AA9CE20106740000E037F /* Frameworks */,
				237AA9CF20106740000E037F /* Resources */,
				8E12351D60ECA5438E731486 /* [CP] Embed Pods Frameworks */,
				646007A4E60D1CF0C467CF86 /* [CP] Copy Pods Resources */,
			);
			buildRules = (
			);
			dependencies = (
				237AA9D320106740000E037F /* PBXTargetDependency */,
			);
			name = RNIntegrationDemoTests;
			productName = RNIntegrationDemoTests;
			productReference = 237AA9D120106740000E037F /* RNIntegrationDemoTests.xctest */;
			productType = "com.apple.product-type.bundle.unit-test";
		};
/* End PBXNativeTarget section */

/* Begin PBXProject section */
		237AA9B120106740000E037F /* Project object */ = {
			isa = PBXProject;
			attributes = {
				LastUpgradeCheck = 0920;
				ORGANIZATIONNAME = romance;
				TargetAttributes = {
					237AA9B820106740000E037F = {
						CreatedOnToolsVersion = 9.2;
						LastSwiftMigration = 0920;
						ProvisioningStyle = Automatic;
					};
					237AA9D020106740000E037F = {
						CreatedOnToolsVersion = 9.2;
						ProvisioningStyle = Automatic;
						TestTargetID = 237AA9B820106740000E037F;
					};
				};
			};
			buildConfigurationList = 237AA9B420106740000E037F /* Build configuration list for PBXProject "RNIntegrationDemo" */;
			compatibilityVersion = "Xcode 8.0";
			developmentRegion = en;
			hasScannedForEncodings = 0;
			knownRegions = (
				en,
				Base,
			);
			mainGroup = 237AA9B020106740000E037F;
			productRefGroup = 237AA9BA20106740000E037F /* Products */;
			projectDirPath = "";
			projectRoot = "";
			targets = (
				237AA9B820106740000E037F /* RNIntegrationDemo */,
				237AA9D020106740000E037F /* RNIntegrationDemoTests */,
			);
		};
/* End PBXProject section */

/* Begin PBXResourcesBuildPhase section */
		237AA9B720106740000E037F /* Resources */ = {
			isa = PBXResourcesBuildPhase;
			buildActionMask = 2147483647;
			files = (
				237AA9C920106740000E037F /* LaunchScreen.storyboard in Resources */,
				237AA9C620106740000E037F /* Assets.xcassets in Resources */,
				237AA9C420106740000E037F /* Main.storyboard in Resources */,
			);
			runOnlyForDeploymentPostprocessing = 0;
		};
		237AA9CF20106740000E037F /* Resources */ = {
			isa = PBXResourcesBuildPhase;
			buildActionMask = 2147483647;
			files = (
			);
			runOnlyForDeploymentPostprocessing = 0;
		};
/* End PBXResourcesBuildPhase section */

/* Begin PBXShellScriptBuildPhase section */
		30D05130C18EE34AE3E323EB /* [CP] Check Pods Manifest.lock */ = {
			isa = PBXShellScriptBuildPhase;
			buildActionMask = 2147483647;
			files = (
			);
			inputPaths = (
				"${PODS_PODFILE_DIR_PATH}/Podfile.lock",
				"${PODS_ROOT}/Manifest.lock",
			);
			name = "[CP] Check Pods Manifest.lock";
			outputPaths = (
				"$(DERIVED_FILE_DIR)/Pods-RNIntegrationDemo-checkManifestLockResult.txt",
			);
			runOnlyForDeploymentPostprocessing = 0;
			shellPath = /bin/sh;
			shellScript = "diff \"${PODS_PODFILE_DIR_PATH}/Podfile.lock\" \"${PODS_ROOT}/Manifest.lock\" > /dev/null\nif [ $? != 0 ] ; then\n    # print error to STDERR\n    echo \"error: The sandbox is not in sync with the Podfile.lock. Run 'pod install' or update your CocoaPods installation.\" >&2\n    exit 1\nfi\n# This output is used by Xcode 'outputs' to avoid re-running this script phase.\necho \"SUCCESS\" > \"${SCRIPT_OUTPUT_FILE_0}\"\n";
			showEnvVarsInLog = 0;
		};
		5CBC2A0FE8F7646D213440B1 /* [CP] Check Pods Manifest.lock */ = {
			isa = PBXShellScriptBuildPhase;
			buildActionMask = 2147483647;
			files = (
			);
			inputPaths = (
				"${PODS_PODFILE_DIR_PATH}/Podfile.lock",
				"${PODS_ROOT}/Manifest.lock",
			);
			name = "[CP] Check Pods Manifest.lock";
			outputPaths = (
				"$(DERIVED_FILE_DIR)/Pods-RNIntegrationDemoTests-checkManifestLockResult.txt",
			);
			runOnlyForDeploymentPostprocessing = 0;
			shellPath = /bin/sh;
			shellScript = "diff \"${PODS_PODFILE_DIR_PATH}/Podfile.lock\" \"${PODS_ROOT}/Manifest.lock\" > /dev/null\nif [ $? != 0 ] ; then\n    # print error to STDERR\n    echo \"error: The sandbox is not in sync with the Podfile.lock. Run 'pod install' or update your CocoaPods installation.\" >&2\n    exit 1\nfi\n# This output is used by Xcode 'outputs' to avoid re-running this script phase.\necho \"SUCCESS\" > \"${SCRIPT_OUTPUT_FILE_0}\"\n";
			showEnvVarsInLog = 0;
		};
		646007A4E60D1CF0C467CF86 /* [CP] Copy Pods Resources */ = {
			isa = PBXShellScriptBuildPhase;
			buildActionMask = 2147483647;
			files = (
			);
			inputPaths = (
			);
			name = "[CP] Copy Pods Resources";
			outputPaths = (
			);
			runOnlyForDeploymentPostprocessing = 0;
			shellPath = /bin/sh;
			shellScript = "\"${SRCROOT}/Pods/Target Support Files/Pods-RNIntegrationDemoTests/Pods-RNIntegrationDemoTests-resources.sh\"\n";
			showEnvVarsInLog = 0;
		};
		8E12351D60ECA5438E731486 /* [CP] Embed Pods Frameworks */ = {
			isa = PBXShellScriptBuildPhase;
			buildActionMask = 2147483647;
			files = (
			);
			inputPaths = (
			);
			name = "[CP] Embed Pods Frameworks";
			outputPaths = (
			);
			runOnlyForDeploymentPostprocessing = 0;
			shellPath = /bin/sh;
			shellScript = "\"${SRCROOT}/Pods/Target Support Files/Pods-RNIntegrationDemoTests/Pods-RNIntegrationDemoTests-frameworks.sh\"\n";
			showEnvVarsInLog = 0;
		};
		ADFD602675D97AD9FF1CB8A6 /* [CP] Copy Pods Resources */ = {
			isa = PBXShellScriptBuildPhase;
			buildActionMask = 2147483647;
			files = (
			);
			inputPaths = (
			);
			name = "[CP] Copy Pods Resources";
			outputPaths = (
			);
			runOnlyForDeploymentPostprocessing = 0;
			shellPath = /bin/sh;
			shellScript = "\"${SRCROOT}/Pods/Target Support Files/Pods-RNIntegrationDemo/Pods-RNIntegrationDemo-resources.sh\"\n";
			showEnvVarsInLog = 0;
		};
		DC8CB1D541162EFACDE24D20 /* [CP] Embed Pods Frameworks */ = {
			isa = PBXShellScriptBuildPhase;
			buildActionMask = 2147483647;
			files = (
			);
			inputPaths = (
				"${SRCROOT}/Pods/Target Support Files/Pods-RNIntegrationDemo/Pods-RNIntegrationDemo-frameworks.sh",
				"${BUILT_PRODUCTS_DIR}/DoubleConversion/DoubleConversion.framework",
				"${BUILT_PRODUCTS_DIR}/Folly/folly.framework",
				"${BUILT_PRODUCTS_DIR}/GLog/glog.framework",
				"${BUILT_PRODUCTS_DIR}/React/React.framework",
				"${BUILT_PRODUCTS_DIR}/yoga/yoga.framework",
			);
			name = "[CP] Embed Pods Frameworks";
			outputPaths = (
				"${TARGET_BUILD_DIR}/${FRAMEWORKS_FOLDER_PATH}/DoubleConversion.framework",
				"${TARGET_BUILD_DIR}/${FRAMEWORKS_FOLDER_PATH}/folly.framework",
				"${TARGET_BUILD_DIR}/${FRAMEWORKS_FOLDER_PATH}/glog.framework",
				"${TARGET_BUILD_DIR}/${FRAMEWORKS_FOLDER_PATH}/React.framework",
				"${TARGET_BUILD_DIR}/${FRAMEWORKS_FOLDER_PATH}/yoga.framework",
			);
			runOnlyForDeploymentPostprocessing = 0;
			shellPath = /bin/sh;
			shellScript = "\"${SRCROOT}/Pods/Target Support Files/Pods-RNIntegrationDemo/Pods-RNIntegrationDemo-frameworks.sh\"\n";
			showEnvVarsInLog = 0;
		};
/* End PBXShellScriptBuildPhase section */

/* Begin PBXSourcesBuildPhase section */
		237AA9B520106740000E037F /* Sources */ = {
			isa = PBXSourcesBuildPhase;
			buildActionMask = 2147483647;
			files = (
				237AA9E220106832000E037F /* SwiftTestViewController.swift in Sources */,
				237AA9C120106740000E037F /* ViewController.m in Sources */,
				237AA9CC20106740000E037F /* main.mm in Sources */,
				237AA9BE20106740000E037F /* AppDelegate.m in Sources */,
			);
			runOnlyForDeploymentPostprocessing = 0;
		};
		237AA9CD20106740000E037F /* Sources */ = {
			isa = PBXSourcesBuildPhase;
			buildActionMask = 2147483647;
			files = (
				237AA9D620106740000E037F /* RNIntegrationDemoTests.m in Sources */,
			);
			runOnlyForDeploymentPostprocessing = 0;
		};
/* End PBXSourcesBuildPhase section */

/* Begin PBXTargetDependency section */
		237AA9D320106740000E037F /* PBXTargetDependency */ = {
			isa = PBXTargetDependency;
			target = 237AA9B820106740000E037F /* RNIntegrationDemo */;
			targetProxy = 237AA9D220106740000E037F /* PBXContainerItemProxy */;
		};
/* End PBXTargetDependency section */

/* Begin PBXVariantGroup section */
		237AA9C220106740000E037F /* Main.storyboard */ = {
			isa = PBXVariantGroup;
			children = (
				237AA9C320106740000E037F /* Base */,
			);
			name = Main.storyboard;
			sourceTree = "<group>";
		};
		237AA9C720106740000E037F /* LaunchScreen.storyboard */ = {
			isa = PBXVariantGroup;
			children = (
				237AA9C820106740000E037F /* Base */,
			);
			name = LaunchScreen.storyboard;
			sourceTree = "<group>";
		};
/* End PBXVariantGroup section */

/* Begin XCBuildConfiguration section */
		237AA9D820106740000E037F /* Debug */ = {
			isa = XCBuildConfiguration;
			buildSettings = {
				ALWAYS_SEARCH_USER_PATHS = NO;
				CLANG_ANALYZER_NONNULL = YES;
				CLANG_ANALYZER_NUMBER_OBJECT_CONVERSION = YES_AGGRESSIVE;
				CLANG_CXX_LANGUAGE_STANDARD = "gnu++14";
				CLANG_CXX_LIBRARY = "libc++";
				CLANG_ENABLE_MODULES = YES;
				CLANG_ENABLE_OBJC_ARC = YES;
				CLANG_WARN_BLOCK_CAPTURE_AUTORELEASING = YES;
				CLANG_WARN_BOOL_CONVERSION = YES;
				CLANG_WARN_COMMA = YES;
				CLANG_WARN_CONSTANT_CONVERSION = YES;
				CLANG_WARN_DIRECT_OBJC_ISA_USAGE = YES_ERROR;
				CLANG_WARN_DOCUMENTATION_COMMENTS = YES;
				CLANG_WARN_EMPTY_BODY = YES;
				CLANG_WARN_ENUM_CONVERSION = YES;
				CLANG_WARN_INFINITE_RECURSION = YES;
				CLANG_WARN_INT_CONVERSION = YES;
				CLANG_WARN_NON_LITERAL_NULL_CONVERSION = YES;
				CLANG_WARN_OBJC_LITERAL_CONVERSION = YES;
				CLANG_WARN_OBJC_ROOT_CLASS = YES_ERROR;
				CLANG_WARN_RANGE_LOOP_ANALYSIS = YES;
				CLANG_WARN_STRICT_PROTOTYPES = YES;
				CLANG_WARN_SUSPICIOUS_MOVE = YES;
				CLANG_WARN_UNGUARDED_AVAILABILITY = YES_AGGRESSIVE;
				CLANG_WARN_UNREACHABLE_CODE = YES;
				CLANG_WARN__DUPLICATE_METHOD_MATCH = YES;
				CODE_SIGN_IDENTITY = "iPhone Developer";
				COPY_PHASE_STRIP = NO;
				DEBUG_INFORMATION_FORMAT = dwarf;
				ENABLE_STRICT_OBJC_MSGSEND = YES;
				ENABLE_TESTABILITY = YES;
				GCC_C_LANGUAGE_STANDARD = gnu11;
				GCC_DYNAMIC_NO_PIC = NO;
				GCC_NO_COMMON_BLOCKS = YES;
				GCC_OPTIMIZATION_LEVEL = 0;
				GCC_PREPROCESSOR_DEFINITIONS = (
					"DEBUG=1",
					"$(inherited)",
				);
				GCC_WARN_64_TO_32_BIT_CONVERSION = YES;
				GCC_WARN_ABOUT_RETURN_TYPE = YES_ERROR;
				GCC_WARN_UNDECLARED_SELECTOR = YES;
				GCC_WARN_UNINITIALIZED_AUTOS = YES_AGGRESSIVE;
				GCC_WARN_UNUSED_FUNCTION = YES;
				GCC_WARN_UNUSED_VARIABLE = YES;
				IPHONEOS_DEPLOYMENT_TARGET = 11.2;
				MTL_ENABLE_DEBUG_INFO = YES;
				ONLY_ACTIVE_ARCH = YES;
				SDKROOT = iphoneos;
			};
			name = Debug;
		};
		237AA9D920106740000E037F /* Release */ = {
			isa = XCBuildConfiguration;
			buildSettings = {
				ALWAYS_SEARCH_USER_PATHS = NO;
				CLANG_ANALYZER_NONNULL = YES;
				CLANG_ANALYZER_NUMBER_OBJECT_CONVERSION = YES_AGGRESSIVE;
				CLANG_CXX_LANGUAGE_STANDARD = "gnu++14";
				CLANG_CXX_LIBRARY = "libc++";
				CLANG_ENABLE_MODULES = YES;
				CLANG_ENABLE_OBJC_ARC = YES;
				CLANG_WARN_BLOCK_CAPTURE_AUTORELEASING = YES;
				CLANG_WARN_BOOL_CONVERSION = YES;
				CLANG_WARN_COMMA = YES;
				CLANG_WARN_CONSTANT_CONVERSION = YES;
				CLANG_WARN_DIRECT_OBJC_ISA_USAGE = YES_ERROR;
				CLANG_WARN_DOCUMENTATION_COMMENTS = YES;
				CLANG_WARN_EMPTY_BODY = YES;
				CLANG_WARN_ENUM_CONVERSION = YES;
				CLANG_WARN_INFINITE_RECURSION = YES;
				CLANG_WARN_INT_CONVERSION = YES;
				CLANG_WARN_NON_LITERAL_NULL_CONVERSION = YES;
				CLANG_WARN_OBJC_LITERAL_CONVERSION = YES;
				CLANG_WARN_OBJC_ROOT_CLASS = YES_ERROR;
				CLANG_WARN_RANGE_LOOP_ANALYSIS = YES;
				CLANG_WARN_STRICT_PROTOTYPES = YES;
				CLANG_WARN_SUSPICIOUS_MOVE = YES;
				CLANG_WARN_UNGUARDED_AVAILABILITY = YES_AGGRESSIVE;
				CLANG_WARN_UNREACHABLE_CODE = YES;
				CLANG_WARN__DUPLICATE_METHOD_MATCH = YES;
				CODE_SIGN_IDENTITY = "iPhone Developer";
				COPY_PHASE_STRIP = NO;
				DEBUG_INFORMATION_FORMAT = "dwarf-with-dsym";
				ENABLE_NS_ASSERTIONS = NO;
				ENABLE_STRICT_OBJC_MSGSEND = YES;
				GCC_C_LANGUAGE_STANDARD = gnu11;
				GCC_NO_COMMON_BLOCKS = YES;
				GCC_WARN_64_TO_32_BIT_CONVERSION = YES;
				GCC_WARN_ABOUT_RETURN_TYPE = YES_ERROR;
				GCC_WARN_UNDECLARED_SELECTOR = YES;
				GCC_WARN_UNINITIALIZED_AUTOS = YES_AGGRESSIVE;
				GCC_WARN_UNUSED_FUNCTION = YES;
				GCC_WARN_UNUSED_VARIABLE = YES;
				IPHONEOS_DEPLOYMENT_TARGET = 11.2;
				MTL_ENABLE_DEBUG_INFO = NO;
				SDKROOT = iphoneos;
				VALIDATE_PRODUCT = YES;
			};
			name = Release;
		};
		237AA9DB20106740000E037F /* Debug */ = {
			isa = XCBuildConfiguration;
			baseConfigurationReference = 82A5A3D092F9C8144EFE6FDB /* Pods-RNIntegrationDemo.debug.xcconfig */;
			buildSettings = {
				ASSETCATALOG_COMPILER_APPICON_NAME = AppIcon;
				CLANG_ENABLE_MODULES = YES;
				CODE_SIGN_STYLE = Automatic;
				DEVELOPMENT_TEAM = S6W7TXYNQR;
				INFOPLIST_FILE = RNIntegrationDemo/Info.plist;
				IPHONEOS_DEPLOYMENT_TARGET = 8.0;
				LD_RUNPATH_SEARCH_PATHS = "$(inherited) @executable_path/Frameworks";
				PRODUCT_BUNDLE_IDENTIFIER = firstleap.RNIntegrationDemo;
				PRODUCT_NAME = "$(TARGET_NAME)";
				SWIFT_OBJC_BRIDGING_HEADER = "RNIntegrationDemo/RNIntegrationDemo-Bridging-Header.h";
				SWIFT_OPTIMIZATION_LEVEL = "-Onone";
				SWIFT_VERSION = 3.0;
				TARGETED_DEVICE_FAMILY = "1,2";
			};
			name = Debug;
		};
		237AA9DC20106740000E037F /* Release */ = {
			isa = XCBuildConfiguration;
			baseConfigurationReference = B8443B36F43F7DBF42538D33 /* Pods-RNIntegrationDemo.release.xcconfig */;
			buildSettings = {
				ASSETCATALOG_COMPILER_APPICON_NAME = AppIcon;
				CLANG_ENABLE_MODULES = YES;
				CODE_SIGN_STYLE = Automatic;
				DEVELOPMENT_TEAM = S6W7TXYNQR;
				INFOPLIST_FILE = RNIntegrationDemo/Info.plist;
				IPHONEOS_DEPLOYMENT_TARGET = 8.0;
				LD_RUNPATH_SEARCH_PATHS = "$(inherited) @executable_path/Frameworks";
				PRODUCT_BUNDLE_IDENTIFIER = firstleap.RNIntegrationDemo;
				PRODUCT_NAME = "$(TARGET_NAME)";
				SWIFT_OBJC_BRIDGING_HEADER = "RNIntegrationDemo/RNIntegrationDemo-Bridging-Header.h";
				SWIFT_VERSION = 3.0;
				TARGETED_DEVICE_FAMILY = "1,2";
			};
			name = Release;
		};
		237AA9DE20106740000E037F /* Debug */ = {
			isa = XCBuildConfiguration;
			baseConfigurationReference = 68B2D9493F69172D320F2D24 /* Pods-RNIntegrationDemoTests.debug.xcconfig */;
			buildSettings = {
				ALWAYS_EMBED_SWIFT_STANDARD_LIBRARIES = YES;
				BUNDLE_LOADER = "$(TEST_HOST)";
				CODE_SIGN_STYLE = Automatic;
				DEVELOPMENT_TEAM = 5CC4VW7238;
				INFOPLIST_FILE = RNIntegrationDemoTests/Info.plist;
				LD_RUNPATH_SEARCH_PATHS = "$(inherited) @executable_path/Frameworks @loader_path/Frameworks";
				PRODUCT_BUNDLE_IDENTIFIER = firstleap.RNIntegrationDemoTests;
				PRODUCT_NAME = "$(TARGET_NAME)";
				TARGETED_DEVICE_FAMILY = "1,2";
				TEST_HOST = "$(BUILT_PRODUCTS_DIR)/RNIntegrationDemo.app/RNIntegrationDemo";
			};
			name = Debug;
		};
		237AA9DF20106740000E037F /* Release */ = {
			isa = XCBuildConfiguration;
			baseConfigurationReference = C71ED58E723420A6B42E537A /* Pods-RNIntegrationDemoTests.release.xcconfig */;
			buildSettings = {
				ALWAYS_EMBED_SWIFT_STANDARD_LIBRARIES = YES;
				BUNDLE_LOADER = "$(TEST_HOST)";
				CODE_SIGN_STYLE = Automatic;
				DEVELOPMENT_TEAM = 5CC4VW7238;
				INFOPLIST_FILE = RNIntegrationDemoTests/Info.plist;
				LD_RUNPATH_SEARCH_PATHS = "$(inherited) @executable_path/Frameworks @loader_path/Frameworks";
				PRODUCT_BUNDLE_IDENTIFIER = firstleap.RNIntegrationDemoTests;
				PRODUCT_NAME = "$(TARGET_NAME)";
				TARGETED_DEVICE_FAMILY = "1,2";
				TEST_HOST = "$(BUILT_PRODUCTS_DIR)/RNIntegrationDemo.app/RNIntegrationDemo";
			};
			name = Release;
		};
/* End XCBuildConfiguration section */

/* Begin XCConfigurationList section */
		237AA9B420106740000E037F /* Build configuration list for PBXProject "RNIntegrationDemo" */ = {
			isa = XCConfigurationList;
			buildConfigurations = (
				237AA9D820106740000E037F /* Debug */,
				237AA9D920106740000E037F /* Release */,
			);
			defaultConfigurationIsVisible = 0;
			defaultConfigurationName = Release;
		};
		237AA9DA20106740000E037F /* Build configuration list for PBXNativeTarget "RNIntegrationDemo" */ = {
			isa = XCConfigurationList;
			buildConfigurations = (
				237AA9DB20106740000E037F /* Debug */,
				237AA9DC20106740000E037F /* Release */,
			);
			defaultConfigurationIsVisible = 0;
			defaultConfigurationName = Release;
		};
		237AA9DD20106740000E037F /* Build configuration list for PBXNativeTarget "RNIntegrationDemoTests" */ = {
			isa = XCConfigurationList;
			buildConfigurations = (
				237AA9DE20106740000E037F /* Debug */,
				237AA9DF20106740000E037F /* Release */,
			);
			defaultConfigurationIsVisible = 0;
			defaultConfigurationName = Release;
		};
/* End XCConfigurationList section */
	};
	rootObject = 237AA9B120106740000E037F /* Project object */;
}
